
Microsoft Visual Studio Solution File, Format Version 10.00
# Visual Studio 2008
Project("{8BC9CEB8-8B4A-11D0-8D11-00A0C91BC942}") = "Practice", "Practice\Practice.vcproj", "{9249BB4A-7F49-49D4-B76A-680543A348FD}"
EndProject
Global
	GlobalSection(SolutionConfigurationPlatforms) = preSolution
		Debug|Win32 = Debug|Win32
		Release|Win32 = Release|Win32
	EndGlobalSection
	GlobalSection(ProjectConfigurationPlatforms) = postSolution
		{9249BB4A-7F49-49D4-B76A-680543A348FD}.Debug|Win32.ActiveCfg = Debug|Win32
		{9249BB4A-7F49-49D4-B76A-680543A348FD}.Debug|Win32.Build.0 = Debug|Win32
		{9249BB4A-7F49-49D4-B76A-680543A348FD}.Release|Win32.ActiveCfg = Release|Win32
		{9249BB4A-7F49-49D4-B76A-680543A348FD}.Release|Win32.Build.0 = Release|Win32
	EndGlobalSection
	GlobalSection(SolutionProperties) = preSolution
		HideSolutionNode = FALSE
	EndGlobalSection
EndGlobal
