
Microsoft Visual Studio Solution File, Format Version 10.00
# Visual Studio 2008
Project("{8BC9CEB8-8B4A-11D0-8D11-00A0C91BC942}") = "Tutorial", "Tutorial\Tutorial.vcproj", "{E22ED24F-48A7-43C7-89C5-CCA6174E181F}"
EndProject
Global
	GlobalSection(SolutionConfigurationPlatforms) = preSolution
		Debug|Win32 = Debug|Win32
		Release|Win32 = Release|Win32
	EndGlobalSection
	GlobalSection(ProjectConfigurationPlatforms) = postSolution
		{E22ED24F-48A7-43C7-89C5-CCA6174E181F}.Debug|Win32.ActiveCfg = Debug|Win32
		{E22ED24F-48A7-43C7-89C5-CCA6174E181F}.Debug|Win32.Build.0 = Debug|Win32
		{E22ED24F-48A7-43C7-89C5-CCA6174E181F}.Release|Win32.ActiveCfg = Release|Win32
		{E22ED24F-48A7-43C7-89C5-CCA6174E181F}.Release|Win32.Build.0 = Release|Win32
	EndGlobalSection
	GlobalSection(SolutionProperties) = preSolution
		HideSolutionNode = FALSE
	EndGlobalSection
EndGlobal
