
Microsoft Visual Studio Solution File, Format Version 10.00
# Visual Studio 2008
Project("{8BC9CEB8-8B4A-11D0-8D11-00A0C91BC942}") = "Bouncing Ball", "Bouncing Ball\Bouncing Ball.vcproj", "{AD769B68-FC11-4984-B37B-344024353015}"
EndProject
Global
	GlobalSection(SolutionConfigurationPlatforms) = preSolution
		Debug|Win32 = Debug|Win32
		Release|Win32 = Release|Win32
	EndGlobalSection
	GlobalSection(ProjectConfigurationPlatforms) = postSolution
		{AD769B68-FC11-4984-B37B-344024353015}.Debug|Win32.ActiveCfg = Debug|Win32
		{AD769B68-FC11-4984-B37B-344024353015}.Debug|Win32.Build.0 = Debug|Win32
		{AD769B68-FC11-4984-B37B-344024353015}.Release|Win32.ActiveCfg = Release|Win32
		{AD769B68-FC11-4984-B37B-344024353015}.Release|Win32.Build.0 = Release|Win32
	EndGlobalSection
	GlobalSection(SolutionProperties) = preSolution
		HideSolutionNode = FALSE
	EndGlobalSection
EndGlobal
