
Microsoft Visual Studio Solution File, Format Version 10.00
# Visual Studio 2008
Project("{8BC9CEB8-8B4A-11D0-8D11-00A0C91BC942}") = "FindPrimeNumbers", "FindPrimeNumbers\FindPrimeNumbers.vcproj", "{1330E7A6-18C0-4C82-8CD5-FD55AD732213}"
EndProject
Global
	GlobalSection(SolutionConfigurationPlatforms) = preSolution
		Debug|Win32 = Debug|Win32
		Release|Win32 = Release|Win32
	EndGlobalSection
	GlobalSection(ProjectConfigurationPlatforms) = postSolution
		{1330E7A6-18C0-4C82-8CD5-FD55AD732213}.Debug|Win32.ActiveCfg = Debug|Win32
		{1330E7A6-18C0-4C82-8CD5-FD55AD732213}.Debug|Win32.Build.0 = Debug|Win32
		{1330E7A6-18C0-4C82-8CD5-FD55AD732213}.Release|Win32.ActiveCfg = Release|Win32
		{1330E7A6-18C0-4C82-8CD5-FD55AD732213}.Release|Win32.Build.0 = Release|Win32
	EndGlobalSection
	GlobalSection(SolutionProperties) = preSolution
		HideSolutionNode = FALSE
	EndGlobalSection
EndGlobal
